
Microsoft Visual Studio Solution File, Format Version 12.00
# Visual Studio 15
VisualStudioVersion = 15.0.27004.2009
MinimumVisualStudioVersion = 10.0.40219.1
Project("{D954291E-2A0B-460D-934E-DC6B0785DB48}") = "Lab3", "Lab3\Lab3\Lab3.shproj", "{CF3F178D-173C-42BD-8714-5AF0A863D2B2}"
EndProject
Project("{FAE04EC0-301F-11D3-BF4B-00C04F79EFBC}") = "Lab3.Android", "Lab3\Lab3.Android\Lab3.Android.csproj", "{5A1F9A13-588B-4246-95AD-EAC5E451289A}"
EndProject
Project("{FAE04EC0-301F-11D3-BF4B-00C04F79EFBC}") = "Lab3.iOS", "Lab3\Lab3.iOS\Lab3.iOS.csproj", "{94C25A58-EFFF-4D3C-8F43-57C33F0ABEC9}"
EndProject
Project("{FAE04EC0-301F-11D3-BF4B-00C04F79EFBC}") = "PruebaApi", "PruebaApi\PruebaApi.csproj", "{2685D180-633B-4485-BAC4-B4494DFB34F6}"
EndProject
Global
	GlobalSection(SharedMSBuildProjectFiles) = preSolution
		Lab3\Lab3\Lab3.projitems*{5a1f9a13-588b-4246-95ad-eac5e451289a}*SharedItemsImports = 4
		Lab3\Lab3\Lab3.projitems*{94c25a58-efff-4d3c-8f43-57c33f0abec9}*SharedItemsImports = 4
		Lab3\Lab3\Lab3.projitems*{cf3f178d-173c-42bd-8714-5af0a863d2b2}*SharedItemsImports = 13
	EndGlobalSection
	GlobalSection(SolutionConfigurationPlatforms) = preSolution
		Ad-Hoc|Any CPU = Ad-Hoc|Any CPU
		Ad-Hoc|iPhone = Ad-Hoc|iPhone
		Ad-Hoc|iPhoneSimulator = Ad-Hoc|iPhoneSimulator
		AppStore|Any CPU = AppStore|Any CPU
		AppStore|iPhone = AppStore|iPhone
		AppStore|iPhoneSimulator = AppStore|iPhoneSimulator
		Debug|Any CPU = Debug|Any CPU
		Debug|iPhone = Debug|iPhone
		Debug|iPhoneSimulator = Debug|iPhoneSimulator
		Release|Any CPU = Release|Any CPU
		Release|iPhone = Release|iPhone
		Release|iPhoneSimulator = Release|iPhoneSimulator
	EndGlobalSection
	GlobalSection(ProjectConfigurationPlatforms) = postSolution
		{5A1F9A13-588B-4246-95AD-EAC5E451289A}.Ad-Hoc|Any CPU.ActiveCfg = Release|Any CPU
		{5A1F9A13-588B-4246-95AD-EAC5E451289A}.Ad-Hoc|Any CPU.Build.0 = Release|Any CPU
		{5A1F9A13-588B-4246-95AD-EAC5E451289A}.Ad-Hoc|Any CPU.Deploy.0 = Release|Any CPU
		{5A1F9A13-588B-4246-95AD-EAC5E451289A}.Ad-Hoc|iPhone.ActiveCfg = Release|Any CPU
		{5A1F9A13-588B-4246-95AD-EAC5E451289A}.Ad-Hoc|iPhone.Build.0 = Release|Any CPU
		{5A1F9A13-588B-4246-95AD-EAC5E451289A}.Ad-Hoc|iPhone.Deploy.0 = Release|Any CPU
		{5A1F9A13-588B-4246-95AD-EAC5E451289A}.Ad-Hoc|iPhoneSimulator.ActiveCfg = Release|Any CPU
		{5A1F9A13-588B-4246-95AD-EAC5E451289A}.Ad-Hoc|iPhoneSimulator.Build.0 = Release|Any CPU
		{5A1F9A13-588B-4246-95AD-EAC5E451289A}.Ad-Hoc|iPhoneSimulator.Deploy.0 = Release|Any CPU
		{5A1F9A13-588B-4246-95AD-EAC5E451289A}.AppStore|Any CPU.ActiveCfg = Release|Any CPU
		{5A1F9A13-588B-4246-95AD-EAC5E451289A}.AppStore|Any CPU.Build.0 = Release|Any CPU
		{5A1F9A13-588B-4246-95AD-EAC5E451289A}.AppStore|Any CPU.Deploy.0 = Release|Any CPU
		{5A1F9A13-588B-4246-95AD-EAC5E451289A}.AppStore|iPhone.ActiveCfg = Release|Any CPU
		{5A1F9A13-588B-4246-95AD-EAC5E451289A}.AppStore|iPhone.Build.0 = Release|Any CPU
		{5A1F9A13-588B-4246-95AD-EAC5E451289A}.AppStore|iPhone.Deploy.0 = Release|Any CPU
		{5A1F9A13-588B-4246-95AD-EAC5E451289A}.AppStore|iPhoneSimulator.ActiveCfg = Release|Any CPU
		{5A1F9A13-588B-4246-95AD-EAC5E451289A}.AppStore|iPhoneSimulator.Build.0 = Release|Any CPU
		{5A1F9A13-588B-4246-95AD-EAC5E451289A}.AppStore|iPhoneSimulator.Deploy.0 = Release|Any CPU
		{5A1F9A13-588B-4246-95AD-EAC5E451289A}.Debug|Any CPU.ActiveCfg = Debug|Any CPU
		{5A1F9A13-588B-4246-95AD-EAC5E451289A}.Debug|Any CPU.Build.0 = Debug|Any CPU
		{5A1F9A13-588B-4246-95AD-EAC5E451289A}.Debug|Any CPU.Deploy.0 = Debug|Any CPU
		{5A1F9A13-588B-4246-95AD-EAC5E451289A}.Debug|iPhone.ActiveCfg = Debug|Any CPU
		{5A1F9A13-588B-4246-95AD-EAC5E451289A}.Debug|iPhone.Build.0 = Debug|Any CPU
		{5A1F9A13-588B-4246-95AD-EAC5E451289A}.Debug|iPhone.Deploy.0 = Debug|Any CPU
		{5A1F9A13-588B-4246-95AD-EAC5E451289A}.Debug|iPhoneSimulator.ActiveCfg = Debug|Any CPU
		{5A1F9A13-588B-4246-95AD-EAC5E451289A}.Debug|iPhoneSimulator.Build.0 = Debug|Any CPU
		{5A1F9A13-588B-4246-95AD-EAC5E451289A}.Debug|iPhoneSimulator.Deploy.0 = Debug|Any CPU
		{5A1F9A13-588B-4246-95AD-EAC5E451289A}.Release|Any CPU.ActiveCfg = Release|Any CPU
		{5A1F9A13-588B-4246-95AD-EAC5E451289A}.Release|Any CPU.Build.0 = Release|Any CPU
		{5A1F9A13-588B-4246-95AD-EAC5E451289A}.Release|Any CPU.Deploy.0 = Release|Any CPU
		{5A1F9A13-588B-4246-95AD-EAC5E451289A}.Release|iPhone.ActiveCfg = Release|Any CPU
		{5A1F9A13-588B-4246-95AD-EAC5E451289A}.Release|iPhone.Build.0 = Release|Any CPU
		{5A1F9A13-588B-4246-95AD-EAC5E451289A}.Release|iPhone.Deploy.0 = Release|Any CPU
		{5A1F9A13-588B-4246-95AD-EAC5E451289A}.Release|iPhoneSimulator.ActiveCfg = Release|Any CPU
		{5A1F9A13-588B-4246-95AD-EAC5E451289A}.Release|iPhoneSimulator.Build.0 = Release|Any CPU
		{5A1F9A13-588B-4246-95AD-EAC5E451289A}.Release|iPhoneSimulator.Deploy.0 = Release|Any CPU
		{94C25A58-EFFF-4D3C-8F43-57C33F0ABEC9}.Ad-Hoc|Any CPU.ActiveCfg = Ad-Hoc|iPhoneSimulator
		{94C25A58-EFFF-4D3C-8F43-57C33F0ABEC9}.Ad-Hoc|iPhone.ActiveCfg = Ad-Hoc|iPhone
		{94C25A58-EFFF-4D3C-8F43-57C33F0ABEC9}.Ad-Hoc|iPhone.Build.0 = Ad-Hoc|iPhone
		{94C25A58-EFFF-4D3C-8F43-57C33F0ABEC9}.Ad-Hoc|iPhoneSimulator.ActiveCfg = Ad-Hoc|iPhoneSimulator
		{94C25A58-EFFF-4D3C-8F43-57C33F0ABEC9}.Ad-Hoc|iPhoneSimulator.Build.0 = Ad-Hoc|iPhoneSimulator
		{94C25A58-EFFF-4D3C-8F43-57C33F0ABEC9}.AppStore|Any CPU.ActiveCfg = AppStore|iPhoneSimulator
		{94C25A58-EFFF-4D3C-8F43-57C33F0ABEC9}.AppStore|iPhone.ActiveCfg = AppStore|iPhone
		{94C25A58-EFFF-4D3C-8F43-57C33F0ABEC9}.AppStore|iPhone.Build.0 = AppStore|iPhone
		{94C25A58-EFFF-4D3C-8F43-57C33F0ABEC9}.AppStore|iPhoneSimulator.ActiveCfg = AppStore|iPhoneSimulator
		{94C25A58-EFFF-4D3C-8F43-57C33F0ABEC9}.AppStore|iPhoneSimulator.Build.0 = AppStore|iPhoneSimulator
		{94C25A58-EFFF-4D3C-8F43-57C33F0ABEC9}.Debug|Any CPU.ActiveCfg = Debug|iPhoneSimulator
		{94C25A58-EFFF-4D3C-8F43-57C33F0ABEC9}.Debug|iPhone.ActiveCfg = Debug|iPhone
		{94C25A58-EFFF-4D3C-8F43-57C33F0ABEC9}.Debug|iPhone.Build.0 = Debug|iPhone
		{94C25A58-EFFF-4D3C-8F43-57C33F0ABEC9}.Debug|iPhoneSimulator.ActiveCfg = Debug|iPhoneSimulator
		{94C25A58-EFFF-4D3C-8F43-57C33F0ABEC9}.Debug|iPhoneSimulator.Build.0 = Debug|iPhoneSimulator
		{94C25A58-EFFF-4D3C-8F43-57C33F0ABEC9}.Release|Any CPU.ActiveCfg = Release|iPhoneSimulator
		{94C25A58-EFFF-4D3C-8F43-57C33F0ABEC9}.Release|iPhone.ActiveCfg = Release|iPhone
		{94C25A58-EFFF-4D3C-8F43-57C33F0ABEC9}.Release|iPhone.Build.0 = Release|iPhone
		{94C25A58-EFFF-4D3C-8F43-57C33F0ABEC9}.Release|iPhoneSimulator.ActiveCfg = Release|iPhoneSimulator
		{94C25A58-EFFF-4D3C-8F43-57C33F0ABEC9}.Release|iPhoneSimulator.Build.0 = Release|iPhoneSimulator
		{2685D180-633B-4485-BAC4-B4494DFB34F6}.Ad-Hoc|Any CPU.ActiveCfg = Release|Any CPU
		{2685D180-633B-4485-BAC4-B4494DFB34F6}.Ad-Hoc|Any CPU.Build.0 = Release|Any CPU
		{2685D180-633B-4485-BAC4-B4494DFB34F6}.Ad-Hoc|iPhone.ActiveCfg = Release|Any CPU
		{2685D180-633B-4485-BAC4-B4494DFB34F6}.Ad-Hoc|iPhone.Build.0 = Release|Any CPU
		{2685D180-633B-4485-BAC4-B4494DFB34F6}.Ad-Hoc|iPhoneSimulator.ActiveCfg = Release|Any CPU
		{2685D180-633B-4485-BAC4-B4494DFB34F6}.Ad-Hoc|iPhoneSimulator.Build.0 = Release|Any CPU
		{2685D180-633B-4485-BAC4-B4494DFB34F6}.AppStore|Any CPU.ActiveCfg = Release|Any CPU
		{2685D180-633B-4485-BAC4-B4494DFB34F6}.AppStore|Any CPU.Build.0 = Release|Any CPU
		{2685D180-633B-4485-BAC4-B4494DFB34F6}.AppStore|iPhone.ActiveCfg = Release|Any CPU
		{2685D180-633B-4485-BAC4-B4494DFB34F6}.AppStore|iPhone.Build.0 = Release|Any CPU
		{2685D180-633B-4485-BAC4-B4494DFB34F6}.AppStore|iPhoneSimulator.ActiveCfg = Release|Any CPU
		{2685D180-633B-4485-BAC4-B4494DFB34F6}.AppStore|iPhoneSimulator.Build.0 = Release|Any CPU
		{2685D180-633B-4485-BAC4-B4494DFB34F6}.Debug|Any CPU.ActiveCfg = Debug|Any CPU
		{2685D180-633B-4485-BAC4-B4494DFB34F6}.Debug|Any CPU.Build.0 = Debug|Any CPU
		{2685D180-633B-4485-BAC4-B4494DFB34F6}.Debug|iPhone.ActiveCfg = Debug|Any CPU
		{2685D180-633B-4485-BAC4-B4494DFB34F6}.Debug|iPhone.Build.0 = Debug|Any CPU
		{2685D180-633B-4485-BAC4-B4494DFB34F6}.Debug|iPhoneSimulator.ActiveCfg = Debug|Any CPU
		{2685D180-633B-4485-BAC4-B4494DFB34F6}.Debug|iPhoneSimulator.Build.0 = Debug|Any CPU
		{2685D180-633B-4485-BAC4-B4494DFB34F6}.Release|Any CPU.ActiveCfg = Release|Any CPU
		{2685D180-633B-4485-BAC4-B4494DFB34F6}.Release|Any CPU.Build.0 = Release|Any CPU
		{2685D180-633B-4485-BAC4-B4494DFB34F6}.Release|iPhone.ActiveCfg = Release|Any CPU
		{2685D180-633B-4485-BAC4-B4494DFB34F6}.Release|iPhone.Build.0 = Release|Any CPU
		{2685D180-633B-4485-BAC4-B4494DFB34F6}.Release|iPhoneSimulator.ActiveCfg = Release|Any CPU
		{2685D180-633B-4485-BAC4-B4494DFB34F6}.Release|iPhoneSimulator.Build.0 = Release|Any CPU
	EndGlobalSection
	GlobalSection(SolutionProperties) = preSolution
		HideSolutionNode = FALSE
	EndGlobalSection
	GlobalSection(ExtensibilityGlobals) = postSolution
		SolutionGuid = {6D716860-D122-4DD7-948D-1E9C23DD538E}
	EndGlobalSection
EndGlobal
